// !$*UTF8*$!
{
	archiveVersion = 1;
	classes = {
	};
	objectVersion = 50;
	objects = {

/* Begin PBXBuildFile section */
		65BB0D9D210614DF00A55085 /* ScoreTableViewCell.swift in Sources */ = {isa = PBXBuildFile; fileRef = 65BB0D9C210614DF00A55085 /* ScoreTableViewCell.swift */; };
		AF1294E720F988F10045C0C9 /* AppDelegate.swift in Sources */ = {isa = PBXBuildFile; fileRef = AF1294E620F988F10045C0C9 /* AppDelegate.swift */; };
		AF1294E920F988F10045C0C9 /* ClickerViewController.swift in Sources */ = {isa = PBXBuildFile; fileRef = AF1294E820F988F10045C0C9 /* ClickerViewController.swift */; };
		AF1294EC20F988F10045C0C9 /* Main.storyboard in Resources */ = {isa = PBXBuildFile; fileRef = AF1294EA20F988F10045C0C9 /* Main.storyboard */; };
		AF1294EE20F988F20045C0C9 /* Assets.xcassets in Resources */ = {isa = PBXBuildFile; fileRef = AF1294ED20F988F20045C0C9 /* Assets.xcassets */; };
		AF1294F120F988F20045C0C9 /* LaunchScreen.storyboard in Resources */ = {isa = PBXBuildFile; fileRef = AF1294EF20F988F20045C0C9 /* LaunchScreen.storyboard */; };
		AF1294F920F98AC90045C0C9 /* ScoreTableViewController.swift in Sources */ = {isa = PBXBuildFile; fileRef = AF1294F820F98AC90045C0C9 /* ScoreTableViewController.swift */; };
/* End PBXBuildFile section */

/* Begin PBXFileReference section */
		65BB0D9C210614DF00A55085 /* ScoreTableViewCell.swift */ = {isa = PBXFileReference; lastKnownFileType = sourcecode.swift; path = ScoreTableViewCell.swift; sourceTree = "<group>"; };
		AF1294E320F988F10045C0C9 /* Table Clicker.app */ = {isa = PBXFileReference; explicitFileType = wrapper.application; includeInIndex = 0; path = "Table Clicker.app"; sourceTree = BUILT_PRODUCTS_DIR; };
		AF1294E620F988F10045C0C9 /* AppDelegate.swift */ = {isa = PBXFileReference; lastKnownFileType = sourcecode.swift; path = AppDelegate.swift; sourceTree = "<group>"; };
		AF1294E820F988F10045C0C9 /* ClickerViewController.swift */ = {isa = PBXFileReference; lastKnownFileType = sourcecode.swift; path = ClickerViewController.swift; sourceTree = "<group>"; };
		AF1294EB20F988F10045C0C9 /* Base */ = {isa = PBXFileReference; lastKnownFileType = file.storyboard; name = Base; path = Base.lproj/Main.storyboard; sourceTree = "<group>"; };
		AF1294ED20F988F20045C0C9 /* Assets.xcassets */ = {isa = PBXFileReference; lastKnownFileType = folder.assetcatalog; path = Assets.xcassets; sourceTree = "<group>"; };
		AF1294F020F988F20045C0C9 /* Base */ = {isa = PBXFileReference; lastKnownFileType = file.storyboard; name = Base; path = Base.lproj/LaunchScreen.storyboard; sourceTree = "<group>"; };
		AF1294F220F988F20045C0C9 /* Info.plist */ = {isa = PBXFileReference; lastKnownFileType = text.plist.xml; path = Info.plist; sourceTree = "<group>"; };
		AF1294F820F98AC90045C0C9 /* ScoreTableViewController.swift */ = {isa = PBXFileReference; lastKnownFileType = sourcecode.swift; path = ScoreTableViewController.swift; sourceTree = "<group>"; };
/* End PBXFileReference section */

/* Begin PBXFrameworksBuildPhase section */
		AF1294E020F988F10045C0C9 /* Frameworks */ = {
			isa = PBXFrameworksBuildPhase;
			buildActionMask = 2147483647;
			files = (
			);
			runOnlyForDeploymentPostprocessing = 0;
		};
/* End PBXFrameworksBuildPhase section */

/* Begin PBXGroup section */
		AF1294DA20F988F10045C0C9 = {
			isa = PBXGroup;
			children = (
				AF1294E520F988F10045C0C9 /* Table Clicker */,
				AF1294E420F988F10045C0C9 /* Products */,
			);
			sourceTree = "<group>";
		};
		AF1294E420F988F10045C0C9 /* Products */ = {
			isa = PBXGroup;
			children = (
				AF1294E320F988F10045C0C9 /* Table Clicker.app */,
			);
			name = Products;
			sourceTree = "<group>";
		};
		AF1294E520F988F10045C0C9 /* Table Clicker */ = {
			isa = PBXGroup;
			children = (
				AF1294E620F988F10045C0C9 /* AppDelegate.swift */,
				AF1294E820F988F10045C0C9 /* ClickerViewController.swift */,
				65BB0D9C210614DF00A55085 /* ScoreTableViewCell.swift */,
				AF1294EA20F988F10045C0C9 /* Main.storyboard */,
				AF1294F820F98AC90045C0C9 /* ScoreTableViewController.swift */,
				AF1294ED20F988F20045C0C9 /* Assets.xcassets */,
				AF1294EF20F988F20045C0C9 /* LaunchScreen.storyboard */,
				AF1294F220F988F20045C0C9 /* Info.plist */,
			);
			path = "Table Clicker";
			sourceTree = "<group>";
		};
/* End PBXGroup section */

/* Begin PBXNativeTarget section */
		AF1294E220F988F10045C0C9 /* Table Clicker */ = {
			isa = PBXNativeTarget;
			buildConfigurationList = AF1294F520F988F20045C0C9 /* Build configuration list for PBXNativeTarget "Table Clicker" */;
			buildPhases = (
				AF1294DF20F988F10045C0C9 /* Sources */,
				AF1294E020F988F10045C0C9 /* Frameworks */,
				AF1294E120F988F10045C0C9 /* Resources */,
			);
			buildRules = (
			);
			dependencies = (
			);
			name = "Table Clicker";
			productName = "Table Clicker";
			productReference = AF1294E320F988F10045C0C9 /* Table Clicker.app */;
			productType = "com.apple.product-type.application";
		};
/* End PBXNativeTarget section */

/* Begin PBXProject section */
		AF1294DB20F988F10045C0C9 /* Project object */ = {
			isa = PBXProject;
			attributes = {
				LastSwiftUpdateCheck = 0940;
				LastUpgradeCheck = 0940;
				ORGANIZATIONNAME = Tinkercademy;
				TargetAttributes = {
					AF1294E220F988F10045C0C9 = {
						CreatedOnToolsVersion = 9.4.1;
					};
				};
			};
			buildConfigurationList = AF1294DE20F988F10045C0C9 /* Build configuration list for PBXProject "Table Clicker" */;
			compatibilityVersion = "Xcode 9.3";
			developmentRegion = en;
			hasScannedForEncodings = 0;
			knownRegions = (
				en,
				Base,
			);
			mainGroup = AF1294DA20F988F10045C0C9;
			productRefGroup = AF1294E420F988F10045C0C9 /* Products */;
			projectDirPath = "";
			projectRoot = "";
			targets = (
				AF1294E220F988F10045C0C9 /* Table Clicker */,
			);
		};
/* End PBXProject section */

/* Begin PBXResourcesBuildPhase section */
		AF1294E120F988F10045C0C9 /* Resources */ = {
			isa = PBXResourcesBuildPhase;
			buildActionMask = 2147483647;
			files = (
				AF1294F120F988F20045C0C9 /* LaunchScreen.storyboard in Resources */,
				AF1294EE20F988F20045C0C9 /* Assets.xcassets in Resources */,
				AF1294EC20F988F10045C0C9 /* Main.storyboard in Resources */,
			);
			runOnlyForDeploymentPostprocessing = 0;
		};
/* End PBXResourcesBuildPhase section */

/* Begin PBXSourcesBuildPhase section */
		AF1294DF20F988F10045C0C9 /* Sources */ = {
			isa = PBXSourcesBuildPhase;
			buildActionMask = 2147483647;
			files = (
				AF1294E920F988F10045C0C9 /* ClickerViewController.swift in Sources */,
				AF1294E720F988F10045C0C9 /* AppDelegate.swift in Sources */,
				65BB0D9D210614DF00A55085 /* ScoreTableViewCell.swift in Sources */,
				AF1294F920F98AC90045C0C9 /* ScoreTableViewController.swift in Sources */,
			);
			runOnlyForDeploymentPostprocessing = 0;
		};
/* End PBXSourcesBuildPhase section */

/* Begin PBXVariantGroup section */
		AF1294EA20F988F10045C0C9 /* Main.storyboard */ = {
			isa = PBXVariantGroup;
			children = (
				AF1294EB20F988F10045C0C9 /* Base */,
			);
			name = Main.storyboard;
			sourceTree = "<group>";
		};
		AF1294EF20F988F20045C0C9 /* LaunchScreen.storyboard */ = {
			isa = PBXVariantGroup;
			children = (
				AF1294F020F988F20045C0C9 /* Base */,
			);
			name = LaunchScreen.storyboard;
			sourceTree = "<group>";
		};
/* End PBXVariantGroup section */

/* Begin XCBuildConfiguration section */
		AF1294F320F988F20045C0C9 /* Debug */ = {
			isa = XCBuildConfiguration;
			buildSettings = {
				ALWAYS_SEARCH_USER_PATHS = NO;
				CLANG_ANALYZER_NONNULL = YES;
				CLANG_ANALYZER_NUMBER_OBJECT_CONVERSION = YES_AGGRESSIVE;
				CLANG_CXX_LANGUAGE_STANDARD = "gnu++14";
				CLANG_CXX_LIBRARY = "libc++";
				CLANG_ENABLE_MODULES = YES;
				CLANG_ENABLE_OBJC_ARC = YES;
				CLANG_ENABLE_OBJC_WEAK = YES;
				CLANG_WARN_BLOCK_CAPTURE_AUTORELEASING = YES;
				CLANG_WARN_BOOL_CONVERSION = YES;
				CLANG_WARN_COMMA = YES;
				CLANG_WARN_CONSTANT_CONVERSION = YES;
				CLANG_WARN_DEPRECATED_OBJC_IMPLEMENTATIONS = YES;
				CLANG_WARN_DIRECT_OBJC_ISA_USAGE = YES_ERROR;
				CLANG_WARN_DOCUMENTATION_COMMENTS = YES;
				CLANG_WARN_EMPTY_BODY = YES;
				CLANG_WARN_ENUM_CONVERSION = YES;
				CLANG_WARN_INFINITE_RECURSION = YES;
				CLANG_WARN_INT_CONVERSION = YES;
				CLANG_WARN_NON_LITERAL_NULL_CONVERSION = YES;
				CLANG_WARN_OBJC_IMPLICIT_RETAIN_SELF = YES;
				CLANG_WARN_OBJC_LITERAL_CONVERSION = YES;
				CLANG_WARN_OBJC_ROOT_CLASS = YES_ERROR;
				CLANG_WARN_RANGE_LOOP_ANALYSIS = YES;
				CLANG_WARN_STRICT_PROTOTYPES = YES;
				CLANG_WARN_SUSPICIOUS_MOVE = YES;
				CLANG_WARN_UNGUARDED_AVAILABILITY = YES_AGGRESSIVE;
				CLANG_WARN_UNREACHABLE_CODE = YES;
				CLANG_WARN__DUPLICATE_METHOD_MATCH = YES;
				CODE_SIGN_IDENTITY = "iPhone Developer";
				COPY_PHASE_STRIP = NO;
				DEBUG_INFORMATION_FORMAT = dwarf;
				ENABLE_STRICT_OBJC_MSGSEND = YES;
				ENABLE_TESTABILITY = YES;
				GCC_C_LANGUAGE_STANDARD = gnu11;
				GCC_DYNAMIC_NO_PIC = NO;
				GCC_NO_COMMON_BLOCKS = YES;
				GCC_OPTIMIZATION_LEVEL = 0;
				GCC_PREPROCESSOR_DEFINITIONS = (
					"DEBUG=1",
					"$(inherited)",
				);
				GCC_WARN_64_TO_32_BIT_CONVERSION = YES;
				GCC_WARN_ABOUT_RETURN_TYPE = YES_ERROR;
				GCC_WARN_UNDECLARED_SELECTOR = YES;
				GCC_WARN_UNINITIALIZED_AUTOS = YES_AGGRESSIVE;
				GCC_WARN_UNUSED_FUNCTION = YES;
				GCC_WARN_UNUSED_VARIABLE = YES;
				IPHONEOS_DEPLOYMENT_TARGET = 11.4;
				MTL_ENABLE_DEBUG_INFO = YES;
				ONLY_ACTIVE_ARCH = YES;
				SDKROOT = iphoneos;
				SWIFT_ACTIVE_COMPILATION_CONDITIONS = DEBUG;
				SWIFT_OPTIMIZATION_LEVEL = "-Onone";
			};
			name = Debug;
		};
		AF1294F420F988F20045C0C9 /* Release */ = {
			isa = XCBuildConfiguration;
			buildSettings = {
				ALWAYS_SEARCH_USER_PATHS = NO;
				CLANG_ANALYZER_NONNULL = YES;
				CLANG_ANALYZER_NUMBER_OBJECT_CONVERSION = YES_AGGRESSIVE;
				CLANG_CXX_LANGUAGE_STANDARD = "gnu++14";
				CLANG_CXX_LIBRARY = "libc++";
				CLANG_ENABLE_MODULES = YES;
				CLANG_ENABLE_OBJC_ARC = YES;
				CLANG_ENABLE_OBJC_WEAK = YES;
				CLANG_WARN_BLOCK_CAPTURE_AUTORELEASING = YES;
				CLANG_WARN_BOOL_CONVERSION = YES;
				CLANG_WARN_COMMA = YES;
				CLANG_WARN_CONSTANT_CONVERSION = YES;
				CLANG_WARN_DEPRECATED_OBJC_IMPLEMENTATIONS = YES;
				CLANG_WARN_DIRECT_OBJC_ISA_USAGE = YES_ERROR;
				CLANG_WARN_DOCUMENTATION_COMMENTS = YES;
				CLANG_WARN_EMPTY_BODY = YES;
				CLANG_WARN_ENUM_CONVERSION = YES;
				CLANG_WARN_INFINITE_RECURSION = YES;
				CLANG_WARN_INT_CONVERSION = YES;
				CLANG_WARN_NON_LITERAL_NULL_CONVERSION = YES;
				CLANG_WARN_OBJC_IMPLICIT_RETAIN_SELF = YES;
				CLANG_WARN_OBJC_LITERAL_CONVERSION = YES;
				CLANG_WARN_OBJC_ROOT_CLASS = YES_ERROR;
				CLANG_WARN_RANGE_LOOP_ANALYSIS = YES;
				CLANG_WARN_STRICT_PROTOTYPES = YES;
				CLANG_WARN_SUSPICIOUS_MOVE = YES;
				CLANG_WARN_UNGUARDED_AVAILABILITY = YES_AGGRESSIVE;
				CLANG_WARN_UNREACHABLE_CODE = YES;
				CLANG_WARN__DUPLICATE_METHOD_MATCH = YES;
				CODE_SIGN_IDENTITY = "iPhone Developer";
				COPY_PHASE_STRIP = NO;
				DEBUG_INFORMATION_FORMAT = "dwarf-with-dsym";
				ENABLE_NS_ASSERTIONS = NO;
				ENABLE_STRICT_OBJC_MSGSEND = YES;
				GCC_C_LANGUAGE_STANDARD = gnu11;
				GCC_NO_COMMON_BLOCKS = YES;
				GCC_WARN_64_TO_32_BIT_CONVERSION = YES;
				GCC_WARN_ABOUT_RETURN_TYPE = YES_ERROR;
				GCC_WARN_UNDECLARED_SELECTOR = YES;
				GCC_WARN_UNINITIALIZED_AUTOS = YES_AGGRESSIVE;
				GCC_WARN_UNUSED_FUNCTION = YES;
				GCC_WARN_UNUSED_VARIABLE = YES;
				IPHONEOS_DEPLOYMENT_TARGET = 11.4;
				MTL_ENABLE_DEBUG_INFO = NO;
				SDKROOT = iphoneos;
				SWIFT_COMPILATION_MODE = wholemodule;
				SWIFT_OPTIMIZATION_LEVEL = "-O";
				VALIDATE_PRODUCT = YES;
			};
			name = Release;
		};
		AF1294F620F988F20045C0C9 /* Debug */ = {
			isa = XCBuildConfiguration;
			buildSettings = {
				ASSETCATALOG_COMPILER_APPICON_NAME = AppIcon;
				CODE_SIGN_STYLE = Automatic;
				DEVELOPMENT_TEAM = 2XU3BMKNS4;
				INFOPLIST_FILE = "Table Clicker/Info.plist";
				IPHONEOS_DEPLOYMENT_TARGET = 11.3;
				LD_RUNPATH_SEARCH_PATHS = (
					"$(inherited)",
					"@executable_path/Frameworks",
				);
				PRODUCT_BUNDLE_IDENTIFIER = "com.tinkercademy.Table-Clicker";
				PRODUCT_NAME = "$(TARGET_NAME)";
				SWIFT_VERSION = 4.0;
				TARGETED_DEVICE_FAMILY = "1,2";
			};
			name = Debug;
		};
		AF1294F720F988F20045C0C9 /* Release */ = {
			isa = XCBuildConfiguration;
			buildSettings = {
				ASSETCATALOG_COMPILER_APPICON_NAME = AppIcon;
				CODE_SIGN_STYLE = Automatic;
				DEVELOPMENT_TEAM = 2XU3BMKNS4;
				INFOPLIST_FILE = "Table Clicker/Info.plist";
				IPHONEOS_DEPLOYMENT_TARGET = 11.3;
				LD_RUNPATH_SEARCH_PATHS = (
					"$(inherited)",
					"@executable_path/Frameworks",
				);
				PRODUCT_BUNDLE_IDENTIFIER = "com.tinkercademy.Table-Clicker";
				PRODUCT_NAME = "$(TARGET_NAME)";
				SWIFT_VERSION = 4.0;
				TARGETED_DEVICE_FAMILY = "1,2";
			};
			name = Release;
		};
/* End XCBuildConfiguration section */

/* Begin XCConfigurationList section */
		AF1294DE20F988F10045C0C9 /* Build configuration list for PBXProject "Table Clicker" */ = {
			isa = XCConfigurationList;
			buildConfigurations = (
				AF1294F320F988F20045C0C9 /* Debug */,
				AF1294F420F988F20045C0C9 /* Release */,
			);
			defaultConfigurationIsVisible = 0;
			defaultConfigurationName = Release;
		};
		AF1294F520F988F20045C0C9 /* Build configuration list for PBXNativeTarget "Table Clicker" */ = {
			isa = XCConfigurationList;
			buildConfigurations = (
				AF1294F620F988F20045C0C9 /* Debug */,
				AF1294F720F988F20045C0C9 /* Release */,
			);
			defaultConfigurationIsVisible = 0;
			defaultConfigurationName = Release;
		};
/* End XCConfigurationList section */
	};
	rootObject = AF1294DB20F988F10045C0C9 /* Project object */;
}
